// !$*UTF8*$!
{
	archiveVersion = 1;
	classes = {
	};
	objectVersion = 46;
	objects = {

/* Begin PBXBuildFile section */
		1335ADF71E488C8600784977 /* AppDelegate.swift in Sources */ = {isa = PBXBuildFile; fileRef = 1335ADF61E488C8600784977 /* AppDelegate.swift */; };
		1335ADF91E488C8600784977 /* ViewController.swift in Sources */ = {isa = PBXBuildFile; fileRef = 1335ADF81E488C8600784977 /* ViewController.swift */; };
		1335ADFC1E488C8600784977 /* Main.storyboard in Resources */ = {isa = PBXBuildFile; fileRef = 1335ADFA1E488C8600784977 /* Main.storyboard */; };
		1335ADFE1E488C8600784977 /* Assets.xcassets in Resources */ = {isa = PBXBuildFile; fileRef = 1335ADFD1E488C8600784977 /* Assets.xcassets */; };
		1335AE011E488C8600784977 /* LaunchScreen.storyboard in Resources */ = {isa = PBXBuildFile; fileRef = 1335ADFF1E488C8600784977 /* LaunchScreen.storyboard */; };
		1335AE091E488C8600784977 /* ExerciseTableViewCell.swift in Sources */ = {isa = PBXBuildFile; fileRef = 1335AE081E488C8600784977 /* ExerciseTableViewCell.swift */; };
		13EB655A1E4DA3440089E19E /* CustomSearchBar.swift in Sources */ = {isa = PBXBuildFile; fileRef = 13EB65591E4DA3440089E19E /* CustomSearchBar.swift */; };
		13EB655C1E4DA5EB0089E19E /* CustomSearchController.swift in Sources */ = {isa = PBXBuildFile; fileRef = 13EB655B1E4DA5EB0089E19E /* CustomSearchController.swift */; };
/* End PBXBuildFile section */

/* Begin PBXFileReference section */
		1335ADF31E488C8600784977 /* CustomCell_Demo.app */ = {isa = PBXFileReference; explicitFileType = wrapper.application; includeInIndex = 0; path = CustomCell_Demo.app; sourceTree = BUILT_PRODUCTS_DIR; };
		1335ADF61E488C8600784977 /* AppDelegate.swift */ = {isa = PBXFileReference; lastKnownFileType = sourcecode.swift; path = AppDelegate.swift; sourceTree = "<group>"; };
		1335ADF81E488C8600784977 /* ViewController.swift */ = {isa = PBXFileReference; lastKnownFileType = sourcecode.swift; path = ViewController.swift; sourceTree = "<group>"; };
		1335ADFB1E488C8600784977 /* Base */ = {isa = PBXFileReference; lastKnownFileType = file.storyboard; name = Base; path = Base.lproj/Main.storyboard; sourceTree = "<group>"; };
		1335ADFD1E488C8600784977 /* Assets.xcassets */ = {isa = PBXFileReference; lastKnownFileType = folder.assetcatalog; path = Assets.xcassets; sourceTree = "<group>"; };
		1335AE001E488C8600784977 /* Base */ = {isa = PBXFileReference; lastKnownFileType = file.storyboard; name = Base; path = Base.lproj/LaunchScreen.storyboard; sourceTree = "<group>"; };
		1335AE021E488C8600784977 /* Info.plist */ = {isa = PBXFileReference; lastKnownFileType = text.plist.xml; path = Info.plist; sourceTree = "<group>"; };
		1335AE081E488C8600784977 /* ExerciseTableViewCell.swift */ = {isa = PBXFileReference; fileEncoding = 4; lastKnownFileType = sourcecode.swift; path = ExerciseTableViewCell.swift; sourceTree = "<group>"; };
		13EB65591E4DA3440089E19E /* CustomSearchBar.swift */ = {isa = PBXFileReference; fileEncoding = 4; lastKnownFileType = sourcecode.swift; path = CustomSearchBar.swift; sourceTree = "<group>"; };
		13EB655B1E4DA5EB0089E19E /* CustomSearchController.swift */ = {isa = PBXFileReference; fileEncoding = 4; lastKnownFileType = sourcecode.swift; path = CustomSearchController.swift; sourceTree = "<group>"; };
/* End PBXFileReference section */

/* Begin PBXFrameworksBuildPhase section */
		1335ADF01E488C8600784977 /* Frameworks */ = {
			isa = PBXFrameworksBuildPhase;
			buildActionMask = 2147483647;
			files = (
			);
			runOnlyForDeploymentPostprocessing = 0;
		};
/* End PBXFrameworksBuildPhase section */

/* Begin PBXGroup section */
		1335ADEA1E488C8600784977 = {
			isa = PBXGroup;
			children = (
				1335ADF51E488C8600784977 /* CustomCell_Demo */,
				1335ADF41E488C8600784977 /* Products */,
			);
			sourceTree = "<group>";
		};
		1335ADF41E488C8600784977 /* Products */ = {
			isa = PBXGroup;
			children = (
				1335ADF31E488C8600784977 /* CustomCell_Demo.app */,
			);
			name = Products;
			sourceTree = "<group>";
		};
		1335ADF51E488C8600784977 /* CustomCell_Demo */ = {
			isa = PBXGroup;
			children = (
				1335ADF61E488C8600784977 /* AppDelegate.swift */,
				1335ADF81E488C8600784977 /* ViewController.swift */,
				13EB65591E4DA3440089E19E /* CustomSearchBar.swift */,
				1335AE081E488C8600784977 /* ExerciseTableViewCell.swift */,
				13EB655B1E4DA5EB0089E19E /* CustomSearchController.swift */,
				1335ADFA1E488C8600784977 /* Main.storyboard */,
				1335ADFD1E488C8600784977 /* Assets.xcassets */,
				1335ADFF1E488C8600784977 /* LaunchScreen.storyboard */,
				1335AE021E488C8600784977 /* Info.plist */,
			);
			path = CustomCell_Demo;
			sourceTree = "<group>";
		};
/* End PBXGroup section */

/* Begin PBXNativeTarget section */
		1335ADF21E488C8600784977 /* CustomCell_Demo */ = {
			isa = PBXNativeTarget;
			buildConfigurationList = 1335AE051E488C8600784977 /* Build configuration list for PBXNativeTarget "CustomCell_Demo" */;
			buildPhases = (
				1335ADEF1E488C8600784977 /* Sources */,
				1335ADF01E488C8600784977 /* Frameworks */,
				1335ADF11E488C8600784977 /* Resources */,
			);
			buildRules = (
			);
			dependencies = (
			);
			name = CustomCell_Demo;
			productName = CustomCell_Demo;
			productReference = 1335ADF31E488C8600784977 /* CustomCell_Demo.app */;
			productType = "com.apple.product-type.application";
		};
/* End PBXNativeTarget section */

/* Begin PBXProject section */
		1335ADEB1E488C8600784977 /* Project object */ = {
			isa = PBXProject;
			attributes = {
				LastSwiftUpdateCheck = 0820;
				LastUpgradeCheck = 0820;
				ORGANIZATIONNAME = EfectoApple;
				TargetAttributes = {
					1335ADF21E488C8600784977 = {
						CreatedOnToolsVersion = 8.2.1;
						DevelopmentTeam = 2NAFC97M9Y;
						ProvisioningStyle = Automatic;
					};
				};
			};
			buildConfigurationList = 1335ADEE1E488C8600784977 /* Build configuration list for PBXProject "CustomCell_Demo" */;
			compatibilityVersion = "Xcode 3.2";
			developmentRegion = English;
			hasScannedForEncodings = 0;
			knownRegions = (
				en,
				Base,
			);
			mainGroup = 1335ADEA1E488C8600784977;
			productRefGroup = 1335ADF41E488C8600784977 /* Products */;
			projectDirPath = "";
			projectRoot = "";
			targets = (
				1335ADF21E488C8600784977 /* CustomCell_Demo */,
			);
		};
/* End PBXProject section */

/* Begin PBXResourcesBuildPhase section */
		1335ADF11E488C8600784977 /* Resources */ = {
			isa = PBXResourcesBuildPhase;
			buildActionMask = 2147483647;
			files = (
				1335AE011E488C8600784977 /* LaunchScreen.storyboard in Resources */,
				1335ADFE1E488C8600784977 /* Assets.xcassets in Resources */,
				1335ADFC1E488C8600784977 /* Main.storyboard in Resources */,
			);
			runOnlyForDeploymentPostprocessing = 0;
		};
/* End PBXResourcesBuildPhase section */

/* Begin PBXSourcesBuildPhase section */
		1335ADEF1E488C8600784977 /* Sources */ = {
			isa = PBXSourcesBuildPhase;
			buildActionMask = 2147483647;
			files = (
				13EB655C1E4DA5EB0089E19E /* CustomSearchController.swift in Sources */,
				1335AE091E488C8600784977 /* ExerciseTableViewCell.swift in Sources */,
				1335ADF91E488C8600784977 /* ViewController.swift in Sources */,
				13EB655A1E4DA3440089E19E /* CustomSearchBar.swift in Sources */,
				1335ADF71E488C8600784977 /* AppDelegate.swift in Sources */,
			);
			runOnlyForDeploymentPostprocessing = 0;
		};
/* End PBXSourcesBuildPhase section */

/* Begin PBXVariantGroup section */
		1335ADFA1E488C8600784977 /* Main.storyboard */ = {
			isa = PBXVariantGroup;
			children = (
				1335ADFB1E488C8600784977 /* Base */,
			);
			name = Main.storyboard;
			sourceTree = "<group>";
		};
		1335ADFF1E488C8600784977 /* LaunchScreen.storyboard */ = {
			isa = PBXVariantGroup;
			children = (
				1335AE001E488C8600784977 /* Base */,
			);
			name = LaunchScreen.storyboard;
			sourceTree = "<group>";
		};
/* End PBXVariantGroup section */

/* Begin XCBuildConfiguration section */
		1335AE031E488C8600784977 /* Debug */ = {
			isa = XCBuildConfiguration;
			buildSettings = {
				ALWAYS_SEARCH_USER_PATHS = NO;
				CLANG_ANALYZER_NONNULL = YES;
				CLANG_CXX_LANGUAGE_STANDARD = "gnu++0x";
				CLANG_CXX_LIBRARY = "libc++";
				CLANG_ENABLE_MODULES = YES;
				CLANG_ENABLE_OBJC_ARC = YES;
				CLANG_WARN_BOOL_CONVERSION = YES;
				CLANG_WARN_CONSTANT_CONVERSION = YES;
				CLANG_WARN_DIRECT_OBJC_ISA_USAGE = YES_ERROR;
				CLANG_WARN_DOCUMENTATION_COMMENTS = YES;
				CLANG_WARN_EMPTY_BODY = YES;
				CLANG_WARN_ENUM_CONVERSION = YES;
				CLANG_WARN_INFINITE_RECURSION = YES;
				CLANG_WARN_INT_CONVERSION = YES;
				CLANG_WARN_OBJC_ROOT_CLASS = YES_ERROR;
				CLANG_WARN_SUSPICIOUS_MOVE = YES;
				CLANG_WARN_UNREACHABLE_CODE = YES;
				CLANG_WARN__DUPLICATE_METHOD_MATCH = YES;
				"CODE_SIGN_IDENTITY[sdk=iphoneos*]" = "iPhone Developer";
				COPY_PHASE_STRIP = NO;
				DEBUG_INFORMATION_FORMAT = dwarf;
				ENABLE_STRICT_OBJC_MSGSEND = YES;
				ENABLE_TESTABILITY = YES;
				GCC_C_LANGUAGE_STANDARD = gnu99;
				GCC_DYNAMIC_NO_PIC = NO;
				GCC_NO_COMMON_BLOCKS = YES;
				GCC_OPTIMIZATION_LEVEL = 0;
				GCC_PREPROCESSOR_DEFINITIONS = (
					"DEBUG=1",
					"$(inherited)",
				);
				GCC_WARN_64_TO_32_BIT_CONVERSION = YES;
				GCC_WARN_ABOUT_RETURN_TYPE = YES_ERROR;
				GCC_WARN_UNDECLARED_SELECTOR = YES;
				GCC_WARN_UNINITIALIZED_AUTOS = YES_AGGRESSIVE;
				GCC_WARN_UNUSED_FUNCTION = YES;
				GCC_WARN_UNUSED_VARIABLE = YES;
				IPHONEOS_DEPLOYMENT_TARGET = 10.2;
				MTL_ENABLE_DEBUG_INFO = YES;
				ONLY_ACTIVE_ARCH = YES;
				SDKROOT = iphoneos;
				SWIFT_ACTIVE_COMPILATION_CONDITIONS = DEBUG;
				SWIFT_OPTIMIZATION_LEVEL = "-Onone";
			};
			name = Debug;
		};
		1335AE041E488C8600784977 /* Release */ = {
			isa = XCBuildConfiguration;
			buildSettings = {
				ALWAYS_SEARCH_USER_PATHS = NO;
				CLANG_ANALYZER_NONNULL = YES;
				CLANG_CXX_LANGUAGE_STANDARD = "gnu++0x";
				CLANG_CXX_LIBRARY = "libc++";
				CLANG_ENABLE_MODULES = YES;
				CLANG_ENABLE_OBJC_ARC = YES;
				CLANG_WARN_BOOL_CONVERSION = YES;
				CLANG_WARN_CONSTANT_CONVERSION = YES;
				CLANG_WARN_DIRECT_OBJC_ISA_USAGE = YES_ERROR;
				CLANG_WARN_DOCUMENTATION_COMMENTS = YES;
				CLANG_WARN_EMPTY_BODY = YES;
				CLANG_WARN_ENUM_CONVERSION = YES;
				CLANG_WARN_INFINITE_RECURSION = YES;
				CLANG_WARN_INT_CONVERSION = YES;
				CLANG_WARN_OBJC_ROOT_CLASS = YES_ERROR;
				CLANG_WARN_SUSPICIOUS_MOVE = YES;
				CLANG_WARN_UNREACHABLE_CODE = YES;
				CLANG_WARN__DUPLICATE_METHOD_MATCH = YES;
				"CODE_SIGN_IDENTITY[sdk=iphoneos*]" = "iPhone Developer";
				COPY_PHASE_STRIP = NO;
				DEBUG_INFORMATION_FORMAT = "dwarf-with-dsym";
				ENABLE_NS_ASSERTIONS = NO;
				ENABLE_STRICT_OBJC_MSGSEND = YES;
				GCC_C_LANGUAGE_STANDARD = gnu99;
				GCC_NO_COMMON_BLOCKS = YES;
				GCC_WARN_64_TO_32_BIT_CONVERSION = YES;
				GCC_WARN_ABOUT_RETURN_TYPE = YES_ERROR;
				GCC_WARN_UNDECLARED_SELECTOR = YES;
				GCC_WARN_UNINITIALIZED_AUTOS = YES_AGGRESSIVE;
				GCC_WARN_UNUSED_FUNCTION = YES;
				GCC_WARN_UNUSED_VARIABLE = YES;
				IPHONEOS_DEPLOYMENT_TARGET = 10.2;
				MTL_ENABLE_DEBUG_INFO = NO;
				SDKROOT = iphoneos;
				SWIFT_OPTIMIZATION_LEVEL = "-Owholemodule";
				VALIDATE_PRODUCT = YES;
			};
			name = Release;
		};
		1335AE061E488C8600784977 /* Debug */ = {
			isa = XCBuildConfiguration;
			buildSettings = {
				ASSETCATALOG_COMPILER_APPICON_NAME = AppIcon;
				DEVELOPMENT_TEAM = 2NAFC97M9Y;
				INFOPLIST_FILE = CustomCell_Demo/Info.plist;
				LD_RUNPATH_SEARCH_PATHS = "$(inherited) @executable_path/Frameworks";
				PRODUCT_BUNDLE_IDENTIFIER = "com.efectoapple.CustomCell-Demo";
				PRODUCT_NAME = "$(TARGET_NAME)";
				SWIFT_VERSION = 3.0;
			};
			name = Debug;
		};
		1335AE071E488C8600784977 /* Release */ = {
			isa = XCBuildConfiguration;
			buildSettings = {
				ASSETCATALOG_COMPILER_APPICON_NAME = AppIcon;
				DEVELOPMENT_TEAM = 2NAFC97M9Y;
				INFOPLIST_FILE = CustomCell_Demo/Info.plist;
				LD_RUNPATH_SEARCH_PATHS = "$(inherited) @executable_path/Frameworks";
				PRODUCT_BUNDLE_IDENTIFIER = "com.efectoapple.CustomCell-Demo";
				PRODUCT_NAME = "$(TARGET_NAME)";
				SWIFT_VERSION = 3.0;
			};
			name = Release;
		};
/* End XCBuildConfiguration section */

/* Begin XCConfigurationList section */
		1335ADEE1E488C8600784977 /* Build configuration list for PBXProject "CustomCell_Demo" */ = {
			isa = XCConfigurationList;
			buildConfigurations = (
				1335AE031E488C8600784977 /* Debug */,
				1335AE041E488C8600784977 /* Release */,
			);
			defaultConfigurationIsVisible = 0;
			defaultConfigurationName = Release;
		};
		1335AE051E488C8600784977 /* Build configuration list for PBXNativeTarget "CustomCell_Demo" */ = {
			isa = XCConfigurationList;
			buildConfigurations = (
				1335AE061E488C8600784977 /* Debug */,
				1335AE071E488C8600784977 /* Release */,
			);
			defaultConfigurationIsVisible = 0;
			defaultConfigurationName = Release;
		};
/* End XCConfigurationList section */
	};
	rootObject = 1335ADEB1E488C8600784977 /* Project object */;
}
